
Microsoft Visual Studio Solution File, Format Version 12.00
# Visual Studio Version 17
VisualStudioVersion = 17.2.32630.192
MinimumVisualStudioVersion = 10.0.40219.1
Project("{FAE04EC0-301F-11D3-BF4B-00C04F79EFBC}") = "QA-Webapp-050822", "QA-Webapp-050822\QA-Webapp-050822.csproj", "{AC500FE7-32CC-4EAE-AC5A-EFE2BF481698}"
EndProject
Global
	GlobalSection(SolutionConfigurationPlatforms) = preSolution
		Debug|Any CPU = Debug|Any CPU
		Release|Any CPU = Release|Any CPU
	EndGlobalSection
	GlobalSection(ProjectConfigurationPlatforms) = postSolution
		{AC500FE7-32CC-4EAE-AC5A-EFE2BF481698}.Debug|Any CPU.ActiveCfg = Debug|Any CPU
		{AC500FE7-32CC-4EAE-AC5A-EFE2BF481698}.Debug|Any CPU.Build.0 = Debug|Any CPU
		{AC500FE7-32CC-4EAE-AC5A-EFE2BF481698}.Release|Any CPU.ActiveCfg = Release|Any CPU
		{AC500FE7-32CC-4EAE-AC5A-EFE2BF481698}.Release|Any CPU.Build.0 = Release|Any CPU
	EndGlobalSection
	GlobalSection(SolutionProperties) = preSolution
		HideSolutionNode = FALSE
	EndGlobalSection
	GlobalSection(ExtensibilityGlobals) = postSolution
		SolutionGuid = {858ACE20-F63C-411A-B089-8A45ACC25436}
	EndGlobalSection
EndGlobal
